<?xml version="1.0" encoding="utf-8"?>
<Project xmlns="http://schemas.microsoft.com/developer/msbuild/2003">
  <ItemGroup>
    <Filter Include="Generated Files">
      <UniqueIdentifier>{71ED8ED8-ACB9-4CE9-BBE1-E00B30144E11}</UniqueIdentifier>
      <Extensions>cpp;c;cxx;moc;h;def;odl;idl;res;</Extensions>
    </Filter>
    <Filter Include="Generated Files">
      <UniqueIdentifier>{71ED8ED8-ACB9-4CE9-BBE1-E00B30144E11}</UniqueIdentifier>
      <Extensions>cpp;c;cxx;moc;h;def;odl;idl;res;</Extensions>
    </Filter>
    <Filter Include="Header Files">
      <UniqueIdentifier>{93995380-89BD-4b04-88EB-625FBE52EBFB}</UniqueIdentifier>
      <Extensions>h;hpp;hxx;hm;inl;inc;xsd</Extensions>
    </Filter>
    <Filter Include="Header Files">
      <UniqueIdentifier>{93995380-89BD-4b04-88EB-625FBE52EBFB}</UniqueIdentifier>
      <Extensions>h;hpp;hxx;hm;inl;inc;xsd</Extensions>
    </Filter>
    <Filter Include="Resource Files">
      <UniqueIdentifier>{D9D6E242-F8AF-46E4-B9FD-80ECBC20BA3E}</UniqueIdentifier>
      <Extensions>qrc;*</Extensions>
      <ParseFiles>false</ParseFiles>
    </Filter>
    <Filter Include="Resource Files">
      <UniqueIdentifier>{D9D6E242-F8AF-46E4-B9FD-80ECBC20BA3E}</UniqueIdentifier>
      <Extensions>qrc;*</Extensions>
      <ParseFiles>false</ParseFiles>
    </Filter>
    <Filter Include="Source Files">
      <UniqueIdentifier>{4FC737F1-C7A5-4376-A066-2A32D752A2FF}</UniqueIdentifier>
      <Extensions>cpp;c;cxx;def;odl;idl;hpj;bat;asm;asmx</Extensions>
    </Filter>
    <Filter Include="Source Files">
      <UniqueIdentifier>{4FC737F1-C7A5-4376-A066-2A32D752A2FF}</UniqueIdentifier>
      <Extensions>cpp;c;cxx;def;odl;idl;hpj;bat;asm;asmx</Extensions>
    </Filter>
    <Filter Include="Translation Files">
      <UniqueIdentifier>{639EADAA-A684-42e4-A9AD-28FC9BCB8F7C}</UniqueIdentifier>
      <Extensions>ts;xlf</Extensions>
      <ParseFiles>false</ParseFiles>
    </Filter>
    <Filter Include="Translation Files">
      <UniqueIdentifier>{639EADAA-A684-42e4-A9AD-28FC9BCB8F7C}</UniqueIdentifier>
      <Extensions>ts;xlf</Extensions>
      <ParseFiles>false</ParseFiles>
    </Filter>
  </ItemGroup>
  <ItemGroup>
    <ClCompile Include="src\videostreaming\ImageProvider.cpp">
      <Filter>Source Files</Filter>
    </ClCompile>
    <ClCompile Include="src\videostreaming\ImageProvider2.cpp">
      <Filter>Source Files</Filter>
    </ClCompile>
    <ClCompile Include="src\keyboard\KeyManager.cpp">
      <Filter>Source Files</Filter>
    </ClCompile>
    <ClCompile Include="src\Log\MyLogging.cpp">
      <Filter>Source Files</Filter>
    </ClCompile>
    <ClCompile Include="src\robot\Oilvalve.cpp">
      <Filter>Source Files</Filter>
    </ClCompile>
    <ClCompile Include="src\socket\ReceiveManager.cpp">
      <Filter>Source Files</Filter>
    </ClCompile>
    <ClCompile Include="src\RovApplication.cpp">
      <Filter>Source Files</Filter>
    </ClCompile>
    <ClCompile Include="src\RovControlCore.cpp">
      <Filter>Source Files</Filter>
    </ClCompile>
    <ClCompile Include="src\RovToolBox.cpp">
      <Filter>Source Files</Filter>
    </ClCompile>
    <ClCompile Include="src\socket\SendManager.cpp">
      <Filter>Source Files</Filter>
    </ClCompile>
    <ClCompile Include="src\Settings\SettingsManager.cpp">
      <Filter>Source Files</Filter>
    </ClCompile>
    <ClCompile Include="src\socket\SocketManager.cpp">
      <Filter>Source Files</Filter>
    </ClCompile>
    <ClCompile Include="src\socket\SocketThread.cpp">
      <Filter>Source Files</Filter>
    </ClCompile>
    <ClCompile Include="src\videostreaming\VideoManager.cpp">
      <Filter>Source Files</Filter>
    </ClCompile>
    <ClCompile Include="src\videostreaming\VideoReceiver.cpp">
      <Filter>Source Files</Filter>
    </ClCompile>
    <ClCompile Include="src\joystick\joysticker.cpp">
      <Filter>Source Files</Filter>
    </ClCompile>
    <ClCompile Include="src\joystick\joystickmanager.cpp">
      <Filter>Source Files</Filter>
    </ClCompile>
    <ClCompile Include="src\Settings\joysticksettings.cpp">
      <Filter>Source Files</Filter>
    </ClCompile>
    <ClCompile Include="src\joystick\joythread.cpp">
      <Filter>Source Files</Filter>
    </ClCompile>
    <ClCompile Include="main.cpp">
      <Filter>Source Files</Filter>
    </ClCompile>
  </ItemGroup>
  <ItemGroup>
    <ClInclude Include="src\videostreaming\ImageProvider.h">
      <Filter>Header Files</Filter>
    </ClInclude>
    <ClInclude Include="src\videostreaming\ImageProvider2.h">
      <Filter>Header Files</Filter>
    </ClInclude>
    <QtMoc Include="src\keyboard\KeyManager.h">
      <Filter>Header Files</Filter>
    </QtMoc>
    <QtMoc Include="src\Log\MyLogging.h">
      <Filter>Header Files</Filter>
    </QtMoc>
    <ClInclude Include="src\robot\Oilvalve.h">
      <Filter>Header Files</Filter>
    </ClInclude>
    <QtMoc Include="src\socket\ReceiveManager.h">
      <Filter>Header Files</Filter>
    </QtMoc>
    <QtMoc Include="src\RovApplication.h">
      <Filter>Header Files</Filter>
    </QtMoc>
    <QtMoc Include="src\RovControlCore.h">
      <Filter>Header Files</Filter>
    </QtMoc>
    <QtMoc Include="src\RovToolBox.h">
      <Filter>Header Files</Filter>
    </QtMoc>
    <QtMoc Include="src\socket\SendManager.h">
      <Filter>Header Files</Filter>
    </QtMoc>
    <QtMoc Include="src\Settings\SettingsManager.h">
      <Filter>Header Files</Filter>
    </QtMoc>
    <QtMoc Include="src\socket\SocketManager.h">
      <Filter>Header Files</Filter>
    </QtMoc>
    <ClInclude Include="src\socket\SocketThread.h">
      <Filter>Header Files</Filter>
    </ClInclude>
    <QtMoc Include="src\videostreaming\VideoManager.h">
      <Filter>Header Files</Filter>
    </QtMoc>
    <QtMoc Include="src\videostreaming\VideoReceiver.h">
      <Filter>Header Files</Filter>
    </QtMoc>
    <ClInclude Include="src\joystick\joysticker.h">
      <Filter>Header Files</Filter>
    </ClInclude>
    <QtMoc Include="src\joystick\joystickmanager.h">
      <Filter>Header Files</Filter>
    </QtMoc>
    <QtMoc Include="src\Settings\joysticksettings.h">
      <Filter>Header Files</Filter>
    </QtMoc>
    <QtMoc Include="src\joystick\joythread.h">
      <Filter>Header Files</Filter>
    </QtMoc>
    <ClInclude Include="src\user_proc\user_proc.h">
      <Filter>Header Files</Filter>
    </ClInclude>
  </ItemGroup>
  <ItemGroup>
    
    
    
    
    
    
    
    
    
    
    
    
    
    
    <CustomBuild Include="D:\ImDeveloper\github\github\git-rov\SUB_Rov\moc\moc_predefs.h.cbt">
      <Filter>Generated Files</Filter>
    </CustomBuild>
    
    
  </ItemGroup>
  <ItemGroup>
    <None Include="SubRov_qt6_zh_CN.ts">
      <Filter>Translation Files</Filter>
    </None>
  </ItemGroup>
  <ItemGroup>
    <None Include="qml\View\AboutView.qml">
      <Filter>Resource Files</Filter>
    </None>
    <None Include="qml\ControllWindow.qml">
      <Filter>Resource Files</Filter>
    </None>
    <None Include="qml\KeyHandler.qml">
      <Filter>Resource Files</Filter>
    </None>
    <None Include="res\img\Logo.png">
      <Filter>Resource Files</Filter>
    </None>
    <None Include="qml\View\MainView.qml">
      <Filter>Resource Files</Filter>
    </None>
    <None Include="qml\Info\RovFlag.qml">
      <Filter>Resource Files</Filter>
    </None>
    <None Include="qml\Info\RovInfo.qml">
      <Filter>Resource Files</Filter>
    </None>
    <None Include="qml\Info\RovInfoSwitch.qml">
      <Filter>Resource Files</Filter>
    </None>
    <None Include="qml\ToolBar\RovToolButton.qml">
      <Filter>Resource Files</Filter>
    </None>
    <None Include="qml\ToolBar\RovToolbar.qml">
      <Filter>Resource Files</Filter>
    </None>
    <None Include="qml\View\SettingsView.qml">
      <Filter>Resource Files</Filter>
    </None>
    <None Include="qml\Splash.qml">
      <Filter>Resource Files</Filter>
    </None>
    <None Include="qml\Video\SubView.qml">
      <Filter>Resource Files</Filter>
    </None>
    <None Include="qml\Video\VideoView.qml">
      <Filter>Resource Files</Filter>
    </None>
    <None Include="res\icon\arrow_down.png">
      <Filter>Resource Files</Filter>
    </None>
    <None Include="res\icon\arrow_up.png">
      <Filter>Resource Files</Filter>
    </None>
    <None Include="res\icon\close.png">
      <Filter>Resource Files</Filter>
    </None>
    <None Include="res\icon\connect.png">
      <Filter>Resource Files</Filter>
    </None>
    <None Include="res\icon\deep.png">
      <Filter>Resource Files</Filter>
    </None>
    <None Include="res\icon\direc.png">
      <Filter>Resource Files</Filter>
    </None>
    <None Include="res\icon\down.png">
      <Filter>Resource Files</Filter>
    </None>
    <None Include="res\sys\favicon_1.ico">
      <Filter>Resource Files</Filter>
    </None>
    <None Include="res\img\geometry.png">
      <Filter>Resource Files</Filter>
    </None>
    <None Include="res\icon\image.png">
      <Filter>Resource Files</Filter>
    </None>
    <None Include="res\icon\let_down.png">
      <Filter>Resource Files</Filter>
    </None>
    <None Include="res\icon\let_up.png">
      <Filter>Resource Files</Filter>
    </None>
    <None Include="res\load.png">
      <Filter>Resource Files</Filter>
    </None>
    <None Include="res\icon\main.png">
      <Filter>Resource Files</Filter>
    </None>
    <None Include="main.qml">
      <Filter>Resource Files</Filter>
    </None>
    <QtRcc Include="qml.qrc">
      <Filter>Resource Files</Filter>
    </QtRcc>
    <QtRcc Include="res.qrc">
      <Filter>Resource Files</Filter>
    </QtRcc>
    <None Include="res\icon\round.png">
      <Filter>Resource Files</Filter>
    </None>
    <None Include="res\icon\round_over.png">
      <Filter>Resource Files</Filter>
    </None>
    <None Include="res\icon\round_under.png">
      <Filter>Resource Files</Filter>
    </None>
    <None Include="res\icon\setting.png">
      <Filter>Resource Files</Filter>
    </None>
    <None Include="res\icon\the_back.png">
      <Filter>Resource Files</Filter>
    </None>
    <None Include="res\icon\the_point.png">
      <Filter>Resource Files</Filter>
    </None>
    <None Include="res\icon\up.png">
      <Filter>Resource Files</Filter>
    </None>
    <None Include="res\icon\video_off.png">
      <Filter>Resource Files</Filter>
    </None>
    <None Include="res\icon\video_on.png">
      <Filter>Resource Files</Filter>
    </None>
    <None Include="res\icon\flag\white_action.png">
      <Filter>Resource Files</Filter>
    </None>
    <None Include="res\icon\flag\white_change.png">
      <Filter>Resource Files</Filter>
    </None>
    <None Include="res\icon\flag\white_cloud.png">
      <Filter>Resource Files</Filter>
    </None>
    <None Include="res\icon\flag\white_com.png">
      <Filter>Resource Files</Filter>
    </None>
    <None Include="res\icon\flag\white_deep.png">
      <Filter>Resource Files</Filter>
    </None>
    <None Include="res\icon\flag\white_eletric.png">
      <Filter>Resource Files</Filter>
    </None>
    <None Include="res\icon\flag\white_machine.png">
      <Filter>Resource Files</Filter>
    </None>
    <None Include="res\icon\flag\white_order.png">
      <Filter>Resource Files</Filter>
    </None>
    <None Include="res\icon\flag\white_p.png">
      <Filter>Resource Files</Filter>
    </None>
    <None Include="res\icon\flag\white_point.png">
      <Filter>Resource Files</Filter>
    </None>
    <None Include="res\icon\flag\white_stop.png">
      <Filter>Resource Files</Filter>
    </None>
    <None Include="res\icon\flag\white_up.png">
      <Filter>Resource Files</Filter>
    </None>
  </ItemGroup>
  <ItemGroup>
    <ResourceCompile Include="D:\ImDeveloper\github\github\git-rov\SUB_Rov\SubRov_resource.rc" />
  </ItemGroup>
</Project>